%{"httpotion": {:hex, :httpotion, "2.0.0"},
  "ibrowse": {:git, "git://github.com/cmullaparthi/ibrowse.git", "d2e369ff42666c3574b8b7ec26f69027895c4d94", [tag: "v4.1.1"]},
  "jsx": {:hex, :jsx, "2.5.2"},
  "mixunit": {:hex, :mixunit, "0.9.1"},
  "websocket_client": {:git, "git://github.com/jeremyong/websocket_client.git", "f465f229958293949e4a192bea65a7e47bb2f762", []}}
