%{"decimal": {:hex, :decimal, "1.1.0"},
  "httpotion": {:hex, :httpotion, "2.0.0"},
  "ibrowse": {:git, "git://github.com/cmullaparthi/ibrowse.git", "d2e369ff42666c3574b8b7ec26f69027895c4d94", [tag: "v4.1.1"]},
  "jsx": {:hex, :jsx, "2.5.2"},
  "logger_file_backend": {:git, "git://github.com/onkel-dirtus/logger_file_backend.git", "2643f311072d98516551ceb6456fd3ad32ac3db4", []},
  "loggerfilebackend": {:git, "git://github.com/onkel-dirtus/logger_file_backend.git", "2643f311072d98516551ceb6456fd3ad32ac3db4", []},
  "mixunit": {:hex, :mixunit, "0.9.1"},
  "poison": {:git, "git://github.com/devinus/poison.git", "1f1f845f66644e3df125ccd9213f687496c4ad16", []},
  "postgrex": {:hex, :postgrex, "0.8.1"},
  "websocket_client": {:git, "git://github.com/jeremyong/websocket_client.git", "f6892c8b55004008ce2d52be7d98b156f3e34569", []}}
